
Microsoft Visual Studio Solution File, Format Version 12.00
# Visual Studio Version 17
VisualStudioVersion = 17.5.33502.453
MinimumVisualStudioVersion = 10.0.40219.1
Project("{FAE04EC0-301F-11D3-BF4B-00C04F79EFBC}") = "Ndumiso_Assessment_2023_05_17", "Ndumiso_Assessment_2023_05_17.csproj", "{3142B05F-DC19-462A-8641-BD0882E39214}"
EndProject
Global
	GlobalSection(SolutionConfigurationPlatforms) = preSolution
		Debug|Any CPU = Debug|Any CPU
		Release|Any CPU = Release|Any CPU
	EndGlobalSection
	GlobalSection(ProjectConfigurationPlatforms) = postSolution
		{3142B05F-DC19-462A-8641-BD0882E39214}.Debug|Any CPU.ActiveCfg = Debug|Any CPU
		{3142B05F-DC19-462A-8641-BD0882E39214}.Debug|Any CPU.Build.0 = Debug|Any CPU
		{3142B05F-DC19-462A-8641-BD0882E39214}.Release|Any CPU.ActiveCfg = Release|Any CPU
		{3142B05F-DC19-462A-8641-BD0882E39214}.Release|Any CPU.Build.0 = Release|Any CPU
	EndGlobalSection
	GlobalSection(SolutionProperties) = preSolution
		HideSolutionNode = FALSE
	EndGlobalSection
	GlobalSection(ExtensibilityGlobals) = postSolution
		SolutionGuid = {FA161797-3727-44CC-A828-A9A433B5E2AA}
	EndGlobalSection
EndGlobal
